
Microsoft Visual Studio Solution File, Format Version 12.00
# Visual Studio 15
Project("{FAE04EC0-301F-11D3-BF4B-00C04F79EFBC}") = "Assembly-CSharp", "Assembly-CSharp.csproj", "{479895B5-4B16-2DD5-3092-857B1E1A58B3}"
EndProject
Project("{FAE04EC0-301F-11D3-BF4B-00C04F79EFBC}") = "Assembly-CSharp-Editor", "Assembly-CSharp-Editor.csproj", "{F415D5C7-DC11-C8EE-8FD9-360416896209}"
EndProject
Global
	GlobalSection(SolutionConfigurationPlatforms) = preSolution
		Debug|Any CPU = Debug|Any CPU
		Release|Any CPU = Release|Any CPU
	EndGlobalSection
	GlobalSection(ProjectConfigurationPlatforms) = postSolution
		{479895B5-4B16-2DD5-3092-857B1E1A58B3}.Debug|Any CPU.ActiveCfg = Debug|Any CPU
		{479895B5-4B16-2DD5-3092-857B1E1A58B3}.Debug|Any CPU.Build.0 = Debug|Any CPU
		{479895B5-4B16-2DD5-3092-857B1E1A58B3}.Release|Any CPU.ActiveCfg = Release|Any CPU
		{479895B5-4B16-2DD5-3092-857B1E1A58B3}.Release|Any CPU.Build.0 = Release|Any CPU
		{F415D5C7-DC11-C8EE-8FD9-360416896209}.Debug|Any CPU.ActiveCfg = Debug|Any CPU
		{F415D5C7-DC11-C8EE-8FD9-360416896209}.Debug|Any CPU.Build.0 = Debug|Any CPU
		{F415D5C7-DC11-C8EE-8FD9-360416896209}.Release|Any CPU.ActiveCfg = Release|Any CPU
		{F415D5C7-DC11-C8EE-8FD9-360416896209}.Release|Any CPU.Build.0 = Release|Any CPU
	EndGlobalSection
	GlobalSection(SolutionProperties) = preSolution
		HideSolutionNode = FALSE
	EndGlobalSection
EndGlobal
